
Microsoft Visual Studio Solution File, Format Version 12.00
# Visual Studio Version 17
VisualStudioVersion = 17.5.33502.453
MinimumVisualStudioVersion = 10.0.40219.1
Project("{9A19103F-16F7-4668-BE54-9A1E7A4F7556}") = "GamesServersMonitor.App", "GamesServersMonitorService\GamesServersMonitor.App\GamesServersMonitor.App.csproj", "{23705582-A3C4-4A8E-822E-4DC58D961D2B}"
EndProject
Project("{9A19103F-16F7-4668-BE54-9A1E7A4F7556}") = "GamesServersMonitor.Domain", "GamesServersMonitorService\GamesServersMonitor.Domain\GamesServersMonitor.Domain.csproj", "{BF1CE46E-C27F-432C-B413-E3068537D518}"
EndProject
Project("{9A19103F-16F7-4668-BE54-9A1E7A4F7556}") = "GamesServersMonitor.Infrastructure", "GamesServersMonitorService\GamesServersMonitor.Infrastructure\GamesServersMonitor.Infrastructure.csproj", "{ED339F5D-BA86-470D-B8A6-C20F7282145B}"
EndProject
Global
	GlobalSection(SolutionConfigurationPlatforms) = preSolution
		Debug|Any CPU = Debug|Any CPU
		Release|Any CPU = Release|Any CPU
	EndGlobalSection
	GlobalSection(ProjectConfigurationPlatforms) = postSolution
		{23705582-A3C4-4A8E-822E-4DC58D961D2B}.Debug|Any CPU.ActiveCfg = Debug|Any CPU
		{23705582-A3C4-4A8E-822E-4DC58D961D2B}.Debug|Any CPU.Build.0 = Debug|Any CPU
		{23705582-A3C4-4A8E-822E-4DC58D961D2B}.Release|Any CPU.ActiveCfg = Release|Any CPU
		{23705582-A3C4-4A8E-822E-4DC58D961D2B}.Release|Any CPU.Build.0 = Release|Any CPU
		{BF1CE46E-C27F-432C-B413-E3068537D518}.Debug|Any CPU.ActiveCfg = Debug|Any CPU
		{BF1CE46E-C27F-432C-B413-E3068537D518}.Debug|Any CPU.Build.0 = Debug|Any CPU
		{BF1CE46E-C27F-432C-B413-E3068537D518}.Release|Any CPU.ActiveCfg = Release|Any CPU
		{BF1CE46E-C27F-432C-B413-E3068537D518}.Release|Any CPU.Build.0 = Release|Any CPU
		{ED339F5D-BA86-470D-B8A6-C20F7282145B}.Debug|Any CPU.ActiveCfg = Debug|Any CPU
		{ED339F5D-BA86-470D-B8A6-C20F7282145B}.Debug|Any CPU.Build.0 = Debug|Any CPU
		{ED339F5D-BA86-470D-B8A6-C20F7282145B}.Release|Any CPU.ActiveCfg = Release|Any CPU
		{ED339F5D-BA86-470D-B8A6-C20F7282145B}.Release|Any CPU.Build.0 = Release|Any CPU
	EndGlobalSection
	GlobalSection(SolutionProperties) = preSolution
		HideSolutionNode = FALSE
	EndGlobalSection
	GlobalSection(ExtensibilityGlobals) = postSolution
		SolutionGuid = {13E37E5C-31EA-41B4-A781-D1BD968955A4}
	EndGlobalSection
EndGlobal
