
Microsoft Visual Studio Solution File, Format Version 12.00
# Visual Studio Version 17
VisualStudioVersion = 17.5.33502.453
MinimumVisualStudioVersion = 10.0.40219.1
Project("{9A19103F-16F7-4668-BE54-9A1E7A4F7556}") = "IGDB.Api", "IGDBService\IGDB.Api\IGDB.Api.csproj", "{6C8D5C96-83A4-4AD0-88A9-C98622FB3F30}"
EndProject
Project("{9A19103F-16F7-4668-BE54-9A1E7A4F7556}") = "IGDB.Domain", "IGDBService\IGDB.Domain\IGDB.Domain.csproj", "{08FCAF25-B178-4471-9872-151A83712A4F}"
EndProject
Project("{9A19103F-16F7-4668-BE54-9A1E7A4F7556}") = "IGDB.Infrastructure", "IGDBService\IGDB.Infrastructure\IGDB.Infrastructure.csproj", "{47886F93-BD21-42AE-A128-6AE6D75B5089}"
EndProject
Global
	GlobalSection(SolutionConfigurationPlatforms) = preSolution
		Debug|Any CPU = Debug|Any CPU
		Release|Any CPU = Release|Any CPU
	EndGlobalSection
	GlobalSection(ProjectConfigurationPlatforms) = postSolution
		{6C8D5C96-83A4-4AD0-88A9-C98622FB3F30}.Debug|Any CPU.ActiveCfg = Debug|Any CPU
		{6C8D5C96-83A4-4AD0-88A9-C98622FB3F30}.Debug|Any CPU.Build.0 = Debug|Any CPU
		{6C8D5C96-83A4-4AD0-88A9-C98622FB3F30}.Release|Any CPU.ActiveCfg = Release|Any CPU
		{6C8D5C96-83A4-4AD0-88A9-C98622FB3F30}.Release|Any CPU.Build.0 = Release|Any CPU
		{08FCAF25-B178-4471-9872-151A83712A4F}.Debug|Any CPU.ActiveCfg = Debug|Any CPU
		{08FCAF25-B178-4471-9872-151A83712A4F}.Debug|Any CPU.Build.0 = Debug|Any CPU
		{08FCAF25-B178-4471-9872-151A83712A4F}.Release|Any CPU.ActiveCfg = Release|Any CPU
		{08FCAF25-B178-4471-9872-151A83712A4F}.Release|Any CPU.Build.0 = Release|Any CPU
		{47886F93-BD21-42AE-A128-6AE6D75B5089}.Debug|Any CPU.ActiveCfg = Debug|Any CPU
		{47886F93-BD21-42AE-A128-6AE6D75B5089}.Debug|Any CPU.Build.0 = Debug|Any CPU
		{47886F93-BD21-42AE-A128-6AE6D75B5089}.Release|Any CPU.ActiveCfg = Release|Any CPU
		{47886F93-BD21-42AE-A128-6AE6D75B5089}.Release|Any CPU.Build.0 = Release|Any CPU
	EndGlobalSection
	GlobalSection(SolutionProperties) = preSolution
		HideSolutionNode = FALSE
	EndGlobalSection
	GlobalSection(ExtensibilityGlobals) = postSolution
		SolutionGuid = {436749D5-C385-400A-A0C4-0988A28E7E15}
	EndGlobalSection
EndGlobal
